
Microsoft Visual Studio Solution File, Format Version 12.00
# Visual Studio Version 17
VisualStudioVersion = 17.0.31903.59
MinimumVisualStudioVersion = 10.0.40219.1
Project("{2150E333-8FDC-42A3-9474-1A3956D46DE8}") = "tests", "tests", "{BB66C373-7395-4E96-A8BA-8001920EC1FE}"
EndProject
Project("{FAE04EC0-301F-11D3-BF4B-00C04F79EFBC}") = "Monolithic.Tests", "tests\Monolithic.Tests\Monolithic.Tests.csproj", "{780FF329-F904-407B-8D23-72F647B612EC}"
EndProject
Project("{2150E333-8FDC-42A3-9474-1A3956D46DE8}") = "src", "src", "{196FFD2C-A0BF-46C2-9837-44FDE9450D59}"
EndProject
Project("{2150E333-8FDC-42A3-9474-1A3956D46DE8}") = "Core", "Core", "{EF9DC484-9E67-4D25-AFEC-79DDA6415634}"
EndProject
Project("{2150E333-8FDC-42A3-9474-1A3956D46DE8}") = "Domain", "Domain", "{DF8D2821-61D1-429A-ADAC-982B9ED934D1}"
EndProject
Project("{2150E333-8FDC-42A3-9474-1A3956D46DE8}") = "Customer", "Customer", "{B329FDE9-CE02-4054-BB0E-FC6F4CF64864}"
EndProject
Project("{FAE04EC0-301F-11D3-BF4B-00C04F79EFBC}") = "Monolithic.Core.Domain.Customer", "src\Core\Domain\Customer\Monolithic.Core.Domain.Customer\Monolithic.Core.Domain.Customer.csproj", "{E7D7162D-F9F3-4D7E-AB64-0398EF72C423}"
EndProject
Project("{2150E333-8FDC-42A3-9474-1A3956D46DE8}") = "Order", "Order", "{88DA75E3-A00A-466A-A0E7-E69484661CFB}"
EndProject
Project("{FAE04EC0-301F-11D3-BF4B-00C04F79EFBC}") = "Monolithic.Core.Domain.Order", "src\Core\Domain\Order\Monolithic.Core.Domain.Order\Monolithic.Core.Domain.Order.csproj", "{B02574C7-72B0-4544-A079-8BDD4F19B13F}"
EndProject
Project("{2150E333-8FDC-42A3-9474-1A3956D46DE8}") = "Product", "Product", "{C844D544-79EB-4B49-A002-84F8384E6FA9}"
EndProject
Project("{FAE04EC0-301F-11D3-BF4B-00C04F79EFBC}") = "Monolithic.Core.Domain.Product", "src\Core\Domain\Product\Monolithic.Core.Domain.Product\Monolithic.Core.Domain.Product.csproj", "{C459EA68-4FD5-4920-A66E-9883F0E47E4C}"
EndProject
Project("{2150E333-8FDC-42A3-9474-1A3956D46DE8}") = "IoC", "IoC", "{83325706-48BB-4187-94B2-BC197B557A2C}"
EndProject
Project("{FAE04EC0-301F-11D3-BF4B-00C04F79EFBC}") = "Monolithic.IoC", "src\IoC\Monolithic.IoC\Monolithic.IoC.csproj", "{4DA6A360-CE49-4A2C-884C-C1CF9E990011}"
EndProject
Project("{2150E333-8FDC-42A3-9474-1A3956D46DE8}") = "Application", "Application", "{F2DA7154-72D6-4D4F-BE1D-B7646A8850A6}"
EndProject
Project("{FAE04EC0-301F-11D3-BF4B-00C04F79EFBC}") = "Monolithic.Core.Application", "src\Core\Application\Monolithic.Core.Application\Monolithic.Core.Application.csproj", "{3A2A43F9-C2A0-4FFC-91F5-2843A0E49E1C}"
EndProject
Project("{2150E333-8FDC-42A3-9474-1A3956D46DE8}") = "Infrastructure", "Infrastructure", "{4830629A-2ED2-47AA-B265-33FD64D9BFCD}"
EndProject
Project("{FAE04EC0-301F-11D3-BF4B-00C04F79EFBC}") = "Monolithic.Core.InfraScture", "src\Core\Infrastructure\Monolithic.Core.InfraScture\Monolithic.Core.InfraScture.csproj", "{B3E092BE-A1BA-46B1-9776-096650DAE4F2}"
EndProject
Global
	GlobalSection(SolutionConfigurationPlatforms) = preSolution
		Debug|Any CPU = Debug|Any CPU
		Release|Any CPU = Release|Any CPU
	EndGlobalSection
	GlobalSection(SolutionProperties) = preSolution
		HideSolutionNode = FALSE
	EndGlobalSection
	GlobalSection(ProjectConfigurationPlatforms) = postSolution
		{780FF329-F904-407B-8D23-72F647B612EC}.Debug|Any CPU.ActiveCfg = Debug|Any CPU
		{780FF329-F904-407B-8D23-72F647B612EC}.Debug|Any CPU.Build.0 = Debug|Any CPU
		{780FF329-F904-407B-8D23-72F647B612EC}.Release|Any CPU.ActiveCfg = Release|Any CPU
		{780FF329-F904-407B-8D23-72F647B612EC}.Release|Any CPU.Build.0 = Release|Any CPU
		{E7D7162D-F9F3-4D7E-AB64-0398EF72C423}.Debug|Any CPU.ActiveCfg = Debug|Any CPU
		{E7D7162D-F9F3-4D7E-AB64-0398EF72C423}.Debug|Any CPU.Build.0 = Debug|Any CPU
		{E7D7162D-F9F3-4D7E-AB64-0398EF72C423}.Release|Any CPU.ActiveCfg = Release|Any CPU
		{E7D7162D-F9F3-4D7E-AB64-0398EF72C423}.Release|Any CPU.Build.0 = Release|Any CPU
		{B02574C7-72B0-4544-A079-8BDD4F19B13F}.Debug|Any CPU.ActiveCfg = Debug|Any CPU
		{B02574C7-72B0-4544-A079-8BDD4F19B13F}.Debug|Any CPU.Build.0 = Debug|Any CPU
		{B02574C7-72B0-4544-A079-8BDD4F19B13F}.Release|Any CPU.ActiveCfg = Release|Any CPU
		{B02574C7-72B0-4544-A079-8BDD4F19B13F}.Release|Any CPU.Build.0 = Release|Any CPU
		{C459EA68-4FD5-4920-A66E-9883F0E47E4C}.Debug|Any CPU.ActiveCfg = Debug|Any CPU
		{C459EA68-4FD5-4920-A66E-9883F0E47E4C}.Debug|Any CPU.Build.0 = Debug|Any CPU
		{C459EA68-4FD5-4920-A66E-9883F0E47E4C}.Release|Any CPU.ActiveCfg = Release|Any CPU
		{C459EA68-4FD5-4920-A66E-9883F0E47E4C}.Release|Any CPU.Build.0 = Release|Any CPU
		{4DA6A360-CE49-4A2C-884C-C1CF9E990011}.Debug|Any CPU.ActiveCfg = Debug|Any CPU
		{4DA6A360-CE49-4A2C-884C-C1CF9E990011}.Debug|Any CPU.Build.0 = Debug|Any CPU
		{4DA6A360-CE49-4A2C-884C-C1CF9E990011}.Release|Any CPU.ActiveCfg = Release|Any CPU
		{4DA6A360-CE49-4A2C-884C-C1CF9E990011}.Release|Any CPU.Build.0 = Release|Any CPU
		{3A2A43F9-C2A0-4FFC-91F5-2843A0E49E1C}.Debug|Any CPU.ActiveCfg = Debug|Any CPU
		{3A2A43F9-C2A0-4FFC-91F5-2843A0E49E1C}.Debug|Any CPU.Build.0 = Debug|Any CPU
		{3A2A43F9-C2A0-4FFC-91F5-2843A0E49E1C}.Release|Any CPU.ActiveCfg = Release|Any CPU
		{3A2A43F9-C2A0-4FFC-91F5-2843A0E49E1C}.Release|Any CPU.Build.0 = Release|Any CPU
		{B3E092BE-A1BA-46B1-9776-096650DAE4F2}.Debug|Any CPU.ActiveCfg = Debug|Any CPU
		{B3E092BE-A1BA-46B1-9776-096650DAE4F2}.Debug|Any CPU.Build.0 = Debug|Any CPU
		{B3E092BE-A1BA-46B1-9776-096650DAE4F2}.Release|Any CPU.ActiveCfg = Release|Any CPU
		{B3E092BE-A1BA-46B1-9776-096650DAE4F2}.Release|Any CPU.Build.0 = Release|Any CPU
	EndGlobalSection
	GlobalSection(NestedProjects) = preSolution
		{780FF329-F904-407B-8D23-72F647B612EC} = {BB66C373-7395-4E96-A8BA-8001920EC1FE}
		{EF9DC484-9E67-4D25-AFEC-79DDA6415634} = {196FFD2C-A0BF-46C2-9837-44FDE9450D59}
		{DF8D2821-61D1-429A-ADAC-982B9ED934D1} = {EF9DC484-9E67-4D25-AFEC-79DDA6415634}
		{B329FDE9-CE02-4054-BB0E-FC6F4CF64864} = {DF8D2821-61D1-429A-ADAC-982B9ED934D1}
		{E7D7162D-F9F3-4D7E-AB64-0398EF72C423} = {B329FDE9-CE02-4054-BB0E-FC6F4CF64864}
		{88DA75E3-A00A-466A-A0E7-E69484661CFB} = {DF8D2821-61D1-429A-ADAC-982B9ED934D1}
		{B02574C7-72B0-4544-A079-8BDD4F19B13F} = {88DA75E3-A00A-466A-A0E7-E69484661CFB}
		{C844D544-79EB-4B49-A002-84F8384E6FA9} = {DF8D2821-61D1-429A-ADAC-982B9ED934D1}
		{C459EA68-4FD5-4920-A66E-9883F0E47E4C} = {C844D544-79EB-4B49-A002-84F8384E6FA9}
		{83325706-48BB-4187-94B2-BC197B557A2C} = {196FFD2C-A0BF-46C2-9837-44FDE9450D59}
		{4DA6A360-CE49-4A2C-884C-C1CF9E990011} = {83325706-48BB-4187-94B2-BC197B557A2C}
		{F2DA7154-72D6-4D4F-BE1D-B7646A8850A6} = {EF9DC484-9E67-4D25-AFEC-79DDA6415634}
		{3A2A43F9-C2A0-4FFC-91F5-2843A0E49E1C} = {F2DA7154-72D6-4D4F-BE1D-B7646A8850A6}
		{4830629A-2ED2-47AA-B265-33FD64D9BFCD} = {EF9DC484-9E67-4D25-AFEC-79DDA6415634}
		{B3E092BE-A1BA-46B1-9776-096650DAE4F2} = {4830629A-2ED2-47AA-B265-33FD64D9BFCD}
	EndGlobalSection
EndGlobal
